
Microsoft Visual Studio Solution File, Format Version 12.00
# Visual Studio Version 17
VisualStudioVersion = 17.1.32319.34
MinimumVisualStudioVersion = 10.0.40219.1
Project("{FAE04EC0-301F-11D3-BF4B-00C04F79EFBC}") = "StringAlgorithms", "StringAlgorithms\StringAlgorithms.csproj", "{9AFBBFFF-61ED-4934-A52E-B80B5BD20F08}"
EndProject
Project("{FAE04EC0-301F-11D3-BF4B-00C04F79EFBC}") = "StringAlgorithms.Tests", "StringAlgorithms.Tests\StringAlgorithms.Tests.csproj", "{68CC0053-F8B8-4CAC-985A-0EC1EBD02A8F}"
EndProject
Global
	GlobalSection(SolutionConfigurationPlatforms) = preSolution
		Debug|Any CPU = Debug|Any CPU
		Release|Any CPU = Release|Any CPU
	EndGlobalSection
	GlobalSection(ProjectConfigurationPlatforms) = postSolution
		{9AFBBFFF-61ED-4934-A52E-B80B5BD20F08}.Debug|Any CPU.ActiveCfg = Debug|Any CPU
		{9AFBBFFF-61ED-4934-A52E-B80B5BD20F08}.Debug|Any CPU.Build.0 = Debug|Any CPU
		{9AFBBFFF-61ED-4934-A52E-B80B5BD20F08}.Release|Any CPU.ActiveCfg = Release|Any CPU
		{9AFBBFFF-61ED-4934-A52E-B80B5BD20F08}.Release|Any CPU.Build.0 = Release|Any CPU
		{68CC0053-F8B8-4CAC-985A-0EC1EBD02A8F}.Debug|Any CPU.ActiveCfg = Debug|Any CPU
		{68CC0053-F8B8-4CAC-985A-0EC1EBD02A8F}.Debug|Any CPU.Build.0 = Debug|Any CPU
		{68CC0053-F8B8-4CAC-985A-0EC1EBD02A8F}.Release|Any CPU.ActiveCfg = Release|Any CPU
		{68CC0053-F8B8-4CAC-985A-0EC1EBD02A8F}.Release|Any CPU.Build.0 = Release|Any CPU
	EndGlobalSection
	GlobalSection(SolutionProperties) = preSolution
		HideSolutionNode = FALSE
	EndGlobalSection
	GlobalSection(ExtensibilityGlobals) = postSolution
		SolutionGuid = {AA2D612D-6D8F-4DC4-8650-9C3A5E847B19}
	EndGlobalSection
EndGlobal
